
Microsoft Visual Studio Solution File, Format Version 12.00
# Visual Studio Version 16
VisualStudioVersion = 16.0.31313.79
MinimumVisualStudioVersion = 10.0.40219.1
Project("{FAE04EC0-301F-11D3-BF4B-00C04F79EFBC}") = "Application", "Application\Application.csproj", "{2C21D125-31B6-46C8-90B9-7DB5E27DA948}"
EndProject
Project("{FAE04EC0-301F-11D3-BF4B-00C04F79EFBC}") = "BEL", "BEL\BEL.csproj", "{0AF80607-238C-4665-BFE5-B3F6BE1BD8DB}"
EndProject
Project("{FAE04EC0-301F-11D3-BF4B-00C04F79EFBC}") = "BLL", "BLL\BLL.csproj", "{5DCC5205-CB8F-48D5-8B0E-E8EA1D62B4A5}"
EndProject
Project("{FAE04EC0-301F-11D3-BF4B-00C04F79EFBC}") = "DAL", "DAL\DAL.csproj", "{9809FA23-0728-43F3-B19B-AD341F342372}"
EndProject
Global
	GlobalSection(SolutionConfigurationPlatforms) = preSolution
		Debug|Any CPU = Debug|Any CPU
		Release|Any CPU = Release|Any CPU
	EndGlobalSection
	GlobalSection(ProjectConfigurationPlatforms) = postSolution
		{2C21D125-31B6-46C8-90B9-7DB5E27DA948}.Debug|Any CPU.ActiveCfg = Debug|Any CPU
		{2C21D125-31B6-46C8-90B9-7DB5E27DA948}.Debug|Any CPU.Build.0 = Debug|Any CPU
		{2C21D125-31B6-46C8-90B9-7DB5E27DA948}.Release|Any CPU.ActiveCfg = Release|Any CPU
		{2C21D125-31B6-46C8-90B9-7DB5E27DA948}.Release|Any CPU.Build.0 = Release|Any CPU
		{0AF80607-238C-4665-BFE5-B3F6BE1BD8DB}.Debug|Any CPU.ActiveCfg = Debug|Any CPU
		{0AF80607-238C-4665-BFE5-B3F6BE1BD8DB}.Debug|Any CPU.Build.0 = Debug|Any CPU
		{0AF80607-238C-4665-BFE5-B3F6BE1BD8DB}.Release|Any CPU.ActiveCfg = Release|Any CPU
		{0AF80607-238C-4665-BFE5-B3F6BE1BD8DB}.Release|Any CPU.Build.0 = Release|Any CPU
		{5DCC5205-CB8F-48D5-8B0E-E8EA1D62B4A5}.Debug|Any CPU.ActiveCfg = Debug|Any CPU
		{5DCC5205-CB8F-48D5-8B0E-E8EA1D62B4A5}.Debug|Any CPU.Build.0 = Debug|Any CPU
		{5DCC5205-CB8F-48D5-8B0E-E8EA1D62B4A5}.Release|Any CPU.ActiveCfg = Release|Any CPU
		{5DCC5205-CB8F-48D5-8B0E-E8EA1D62B4A5}.Release|Any CPU.Build.0 = Release|Any CPU
		{9809FA23-0728-43F3-B19B-AD341F342372}.Debug|Any CPU.ActiveCfg = Debug|Any CPU
		{9809FA23-0728-43F3-B19B-AD341F342372}.Debug|Any CPU.Build.0 = Debug|Any CPU
		{9809FA23-0728-43F3-B19B-AD341F342372}.Release|Any CPU.ActiveCfg = Release|Any CPU
		{9809FA23-0728-43F3-B19B-AD341F342372}.Release|Any CPU.Build.0 = Release|Any CPU
	EndGlobalSection
	GlobalSection(SolutionProperties) = preSolution
		HideSolutionNode = FALSE
	EndGlobalSection
	GlobalSection(ExtensibilityGlobals) = postSolution
		SolutionGuid = {6E2B65DA-9B3A-4887-BED0-BA5AD6A5B545}
	EndGlobalSection
EndGlobal
